{
  "name": "truradius-frontend",
  "version": "0.1.0",
  "lockfileVersion": 1,
  "requires": true,
  "dependencies": {
    "kleur": {
      "version": "3.0.0",
      "resolved": "https://registry.npmjs.org/kleur/-/kleur-3.0.0.tgz",
      "integrity": "sha512-acHc4xKlqTNuAGmbvtd3KuNi1bnlHsdPg6Os1P5s/Ii/6g8MY3caVPDp4md04/twbh4wwPvdpnol1bc9zFsI3w=="
    }
  }
}
